# THIS IS AN AUTOGENERATED FILE. DO NOT EDIT THIS FILE DIRECTLY.
# yarn lockfile v1


dom7@^2.1.5:
  version "2.1.5"
  resolved "https://registry.yarnpkg.com/dom7/-/dom7-2.1.5.tgz#a79411017800b31d8400070cdaebbfc92c1f6377"
  integrity sha512-xnhwVgyOh3eD++/XGtH+5qBwYTgCm0aW91GFgPJ3XG+jlsRLyJivnbP0QmUBFhI+Oaz9FV0s7cxgXHezwOEBYA==
  dependencies:
    ssr-window "^2.0.0"

framework7@^5.7.10:
  version "5.7.10"
  resolved "https://registry.yarnpkg.com/framework7/-/framework7-5.7.10.tgz#f0bbdcef25956630c2cfac055e876c8d5b5e5d1a"
  integrity sha512-OkKou1R4MrM5jL55XkhvJz0RO+FlNCnAgJTdSPXPSALVZt+30YAdJ0mPtcTfG9S7HHFYX6LzYodJf8HQfDsHhw==
  dependencies:
    dom7 "^2.1.5"
    path-to-regexp "^6.1.0"
    ssr-window "^2.0.0"
    template7 "^1.4.2"

path-to-regexp@^6.1.0:
  version "6.1.0"
  resolved "https://registry.yarnpkg.com/path-to-regexp/-/path-to-regexp-6.1.0.tgz#0b18f88b7a0ce0bfae6a25990c909ab86f512427"
  integrity sha512-h9DqehX3zZZDCEm+xbfU0ZmwCGFCAAraPJWMXJ4+v32NjZJilVg3k1TcKsRgIb8IQ/izZSaydDc1OhJCZvs2Dw==

ssr-window@^2.0.0:
  version "2.0.0"
  resolved "https://registry.yarnpkg.com/ssr-window/-/ssr-window-2.0.0.tgz#98c301aef99523317f8d69618f0010791096efc4"
  integrity sha512-NXzN+/HPObKAx191H3zKlYomE5WrVIkoCB5IaSdvKokxTpjBdWfr0RaP+1Z5KOfDT0ZVz+2tdtiBkhsEQ9p+0A==

template7@^1.4.2:
  version "1.4.2"
  resolved "https://registry.yarnpkg.com/template7/-/template7-1.4.2.tgz#62f32959361e455ec171ef9ef33d29ca7130e009"
  integrity sha512-eoKnScBMDk7lyj7+iCzKbxGiSLLlQk0DNvmclyJuMCUKxy9JrFuAB+GD5iplF4WiQPtMdI06CHHks3avL22JXA==
